{
  "name": "eleventy-high-performance-blog",
  "version": "5.0.2",
  "lockfileVersion": 1,
  "requires": true,
  "dependencies": {
    "tldts": {
      "version": "7.0.30",
      "resolved": "https://registry.npmjs.org/tldts/-/tldts-7.0.30.tgz",
      "integrity": "sha512-ELrFxuqsDdHUwoh0XxDbxuLD3Wnz49Z57IFvTtvWy1hJdcMZjXLIuonjilCiWHlT2GbE4Wlv1wKVTzDFnXH1aw==",
      "requires": {
        "tldts-core": "^7.0.30"
      }
    },
    "tldts-core": {
      "version": "7.0.30",
      "resolved": "https://registry.npmjs.org/tldts-core/-/tldts-core-7.0.30.tgz",
      "integrity": "sha512-uiHN8PIB1VmWyS98eZYja4xzlYqeFZVjb4OuYlJQnZAuJhMw4PbKQOKgHKhBdJR3FE/t5mUQ1Kd80++B+qhD1Q=="
    },
    "tough-cookie": {
      "version": "6.0.1",
      "resolved": "https://registry.npmjs.org/tough-cookie/-/tough-cookie-6.0.1.tgz",
      "integrity": "sha512-LktZQb3IeoUWB9lqR5EWTHgW/VTITCXg4D21M+lvybRVdylLrRMnqaIONLVb5mav8vM19m44HIcGq4qASeu2Qw==",
      "requires": {
        "tldts": "^7.0.5"
      }
    }
  }
}
